
Microsoft Visual Studio Solution File, Format Version 12.00
# Visual Studio Version 16
VisualStudioVersion = 16.0.31911.196
MinimumVisualStudioVersion = 10.0.40219.1
Project("{FAE04EC0-301F-11D3-BF4B-00C04F79EFBC}") = "BuscaLargura", "BuscaLargura\BuscaLargura.csproj", "{AF59FF52-69CB-47E5-9D05-B976C946E8C2}"
EndProject
Global
	GlobalSection(SolutionConfigurationPlatforms) = preSolution
		Debug|Any CPU = Debug|Any CPU
		Release|Any CPU = Release|Any CPU
	EndGlobalSection
	GlobalSection(ProjectConfigurationPlatforms) = postSolution
		{AF59FF52-69CB-47E5-9D05-B976C946E8C2}.Debug|Any CPU.ActiveCfg = Debug|Any CPU
		{AF59FF52-69CB-47E5-9D05-B976C946E8C2}.Debug|Any CPU.Build.0 = Debug|Any CPU
		{AF59FF52-69CB-47E5-9D05-B976C946E8C2}.Release|Any CPU.ActiveCfg = Release|Any CPU
		{AF59FF52-69CB-47E5-9D05-B976C946E8C2}.Release|Any CPU.Build.0 = Release|Any CPU
	EndGlobalSection
	GlobalSection(SolutionProperties) = preSolution
		HideSolutionNode = FALSE
	EndGlobalSection
	GlobalSection(ExtensibilityGlobals) = postSolution
		SolutionGuid = {0F1FA550-7754-40F7-918A-17C6F3467C68}
	EndGlobalSection
EndGlobal
